// !$*UTF8*$!
{
	archiveVersion = 1;
	classes = {
	};
	objectVersion = 50;
	objects = {

/* Begin PBXBuildFile section */
		345A385923194D2A00546E7B /* AppDelegate.swift in Sources */ = {isa = PBXBuildFile; fileRef = 345A385823194D2A00546E7B /* AppDelegate.swift */; };
		345A385E23194D2A00546E7B /* Main.storyboard in Resources */ = {isa = PBXBuildFile; fileRef = 345A385C23194D2A00546E7B /* Main.storyboard */; };
		345A386023194D2B00546E7B /* Assets.xcassets in Resources */ = {isa = PBXBuildFile; fileRef = 345A385F23194D2B00546E7B /* Assets.xcassets */; };
		345A386323194D2B00546E7B /* LaunchScreen.storyboard in Resources */ = {isa = PBXBuildFile; fileRef = 345A386123194D2B00546E7B /* LaunchScreen.storyboard */; };
		345A386B2319559D00546E7B /* MainSplitViewController.swift in Sources */ = {isa = PBXBuildFile; fileRef = 345A386A2319559D00546E7B /* MainSplitViewController.swift */; };
		345A386D231959C500546E7B /* ToolsTableViewController.swift in Sources */ = {isa = PBXBuildFile; fileRef = 345A386C231959C500546E7B /* ToolsTableViewController.swift */; };
		345A386F23195E8B00546E7B /* DetailViewController.swift in Sources */ = {isa = PBXBuildFile; fileRef = 345A386E23195E8B00546E7B /* DetailViewController.swift */; };
		345A387123195F5000546E7B /* Models.swift in Sources */ = {isa = PBXBuildFile; fileRef = 345A387023195F5000546E7B /* Models.swift */; };
/* End PBXBuildFile section */

/* Begin PBXFileReference section */
		345A385523194D2A00546E7B /* NotesNavApp.app */ = {isa = PBXFileReference; explicitFileType = wrapper.application; includeInIndex = 0; path = NotesNavApp.app; sourceTree = BUILT_PRODUCTS_DIR; };
		345A385823194D2A00546E7B /* AppDelegate.swift */ = {isa = PBXFileReference; lastKnownFileType = sourcecode.swift; path = AppDelegate.swift; sourceTree = "<group>"; };
		345A385D23194D2A00546E7B /* Base */ = {isa = PBXFileReference; lastKnownFileType = file.storyboard; name = Base; path = Base.lproj/Main.storyboard; sourceTree = "<group>"; };
		345A385F23194D2B00546E7B /* Assets.xcassets */ = {isa = PBXFileReference; lastKnownFileType = folder.assetcatalog; path = Assets.xcassets; sourceTree = "<group>"; };
		345A386223194D2B00546E7B /* Base */ = {isa = PBXFileReference; lastKnownFileType = file.storyboard; name = Base; path = Base.lproj/LaunchScreen.storyboard; sourceTree = "<group>"; };
		345A386423194D2B00546E7B /* Info.plist */ = {isa = PBXFileReference; lastKnownFileType = text.plist.xml; path = Info.plist; sourceTree = "<group>"; };
		345A386A2319559D00546E7B /* MainSplitViewController.swift */ = {isa = PBXFileReference; lastKnownFileType = sourcecode.swift; path = MainSplitViewController.swift; sourceTree = "<group>"; };
		345A386C231959C500546E7B /* ToolsTableViewController.swift */ = {isa = PBXFileReference; lastKnownFileType = sourcecode.swift; path = ToolsTableViewController.swift; sourceTree = "<group>"; };
		345A386E23195E8B00546E7B /* DetailViewController.swift */ = {isa = PBXFileReference; lastKnownFileType = sourcecode.swift; path = DetailViewController.swift; sourceTree = "<group>"; };
		345A387023195F5000546E7B /* Models.swift */ = {isa = PBXFileReference; lastKnownFileType = sourcecode.swift; path = Models.swift; sourceTree = "<group>"; };
/* End PBXFileReference section */

/* Begin PBXFrameworksBuildPhase section */
		345A385223194D2A00546E7B /* Frameworks */ = {
			isa = PBXFrameworksBuildPhase;
			buildActionMask = 2147483647;
			files = (
			);
			runOnlyForDeploymentPostprocessing = 0;
		};
/* End PBXFrameworksBuildPhase section */

/* Begin PBXGroup section */
		345A384C23194D2A00546E7B = {
			isa = PBXGroup;
			children = (
				345A385723194D2A00546E7B /* NotesNavApp */,
				345A385623194D2A00546E7B /* Products */,
			);
			sourceTree = "<group>";
		};
		345A385623194D2A00546E7B /* Products */ = {
			isa = PBXGroup;
			children = (
				345A385523194D2A00546E7B /* NotesNavApp.app */,
			);
			name = Products;
			sourceTree = "<group>";
		};
		345A385723194D2A00546E7B /* NotesNavApp */ = {
			isa = PBXGroup;
			children = (
				345A385823194D2A00546E7B /* AppDelegate.swift */,
				345A385C23194D2A00546E7B /* Main.storyboard */,
				345A386A2319559D00546E7B /* MainSplitViewController.swift */,
				345A386C231959C500546E7B /* ToolsTableViewController.swift */,
				345A386E23195E8B00546E7B /* DetailViewController.swift */,
				345A387023195F5000546E7B /* Models.swift */,
				345A385F23194D2B00546E7B /* Assets.xcassets */,
				345A386123194D2B00546E7B /* LaunchScreen.storyboard */,
				345A386423194D2B00546E7B /* Info.plist */,
			);
			path = NotesNavApp;
			sourceTree = "<group>";
		};
/* End PBXGroup section */

/* Begin PBXNativeTarget section */
		345A385423194D2A00546E7B /* NotesNavApp */ = {
			isa = PBXNativeTarget;
			buildConfigurationList = 345A386723194D2B00546E7B /* Build configuration list for PBXNativeTarget "NotesNavApp" */;
			buildPhases = (
				345A385123194D2A00546E7B /* Sources */,
				345A385223194D2A00546E7B /* Frameworks */,
				345A385323194D2A00546E7B /* Resources */,
			);
			buildRules = (
			);
			dependencies = (
			);
			name = NotesNavApp;
			productName = NotesNavApp;
			productReference = 345A385523194D2A00546E7B /* NotesNavApp.app */;
			productType = "com.apple.product-type.application";
		};
/* End PBXNativeTarget section */

/* Begin PBXProject section */
		345A384D23194D2A00546E7B /* Project object */ = {
			isa = PBXProject;
			attributes = {
				LastSwiftUpdateCheck = 1030;
				LastUpgradeCheck = 1030;
				ORGANIZATIONNAME = "Michael P";
				TargetAttributes = {
					345A385423194D2A00546E7B = {
						CreatedOnToolsVersion = 10.3;
					};
				};
			};
			buildConfigurationList = 345A385023194D2A00546E7B /* Build configuration list for PBXProject "NotesNavApp" */;
			compatibilityVersion = "Xcode 9.3";
			developmentRegion = en;
			hasScannedForEncodings = 0;
			knownRegions = (
				en,
				Base,
			);
			mainGroup = 345A384C23194D2A00546E7B;
			productRefGroup = 345A385623194D2A00546E7B /* Products */;
			projectDirPath = "";
			projectRoot = "";
			targets = (
				345A385423194D2A00546E7B /* NotesNavApp */,
			);
		};
/* End PBXProject section */

/* Begin PBXResourcesBuildPhase section */
		345A385323194D2A00546E7B /* Resources */ = {
			isa = PBXResourcesBuildPhase;
			buildActionMask = 2147483647;
			files = (
				345A386323194D2B00546E7B /* LaunchScreen.storyboard in Resources */,
				345A386023194D2B00546E7B /* Assets.xcassets in Resources */,
				345A385E23194D2A00546E7B /* Main.storyboard in Resources */,
			);
			runOnlyForDeploymentPostprocessing = 0;
		};
/* End PBXResourcesBuildPhase section */

/* Begin PBXSourcesBuildPhase section */
		345A385123194D2A00546E7B /* Sources */ = {
			isa = PBXSourcesBuildPhase;
			buildActionMask = 2147483647;
			files = (
				345A387123195F5000546E7B /* Models.swift in Sources */,
				345A386B2319559D00546E7B /* MainSplitViewController.swift in Sources */,
				345A386D231959C500546E7B /* ToolsTableViewController.swift in Sources */,
				345A385923194D2A00546E7B /* AppDelegate.swift in Sources */,
				345A386F23195E8B00546E7B /* DetailViewController.swift in Sources */,
			);
			runOnlyForDeploymentPostprocessing = 0;
		};
/* End PBXSourcesBuildPhase section */

/* Begin PBXVariantGroup section */
		345A385C23194D2A00546E7B /* Main.storyboard */ = {
			isa = PBXVariantGroup;
			children = (
				345A385D23194D2A00546E7B /* Base */,
			);
			name = Main.storyboard;
			sourceTree = "<group>";
		};
		345A386123194D2B00546E7B /* LaunchScreen.storyboard */ = {
			isa = PBXVariantGroup;
			children = (
				345A386223194D2B00546E7B /* Base */,
			);
			name = LaunchScreen.storyboard;
			sourceTree = "<group>";
		};
/* End PBXVariantGroup section */

/* Begin XCBuildConfiguration section */
		345A386523194D2B00546E7B /* Debug */ = {
			isa = XCBuildConfiguration;
			buildSettings = {
				ALWAYS_SEARCH_USER_PATHS = NO;
				CLANG_ANALYZER_NONNULL = YES;
				CLANG_ANALYZER_NUMBER_OBJECT_CONVERSION = YES_AGGRESSIVE;
				CLANG_CXX_LANGUAGE_STANDARD = "gnu++14";
				CLANG_CXX_LIBRARY = "libc++";
				CLANG_ENABLE_MODULES = YES;
				CLANG_ENABLE_OBJC_ARC = YES;
				CLANG_ENABLE_OBJC_WEAK = YES;
				CLANG_WARN_BLOCK_CAPTURE_AUTORELEASING = YES;
				CLANG_WARN_BOOL_CONVERSION = YES;
				CLANG_WARN_COMMA = YES;
				CLANG_WARN_CONSTANT_CONVERSION = YES;
				CLANG_WARN_DEPRECATED_OBJC_IMPLEMENTATIONS = YES;
				CLANG_WARN_DIRECT_OBJC_ISA_USAGE = YES_ERROR;
				CLANG_WARN_DOCUMENTATION_COMMENTS = YES;
				CLANG_WARN_EMPTY_BODY = YES;
				CLANG_WARN_ENUM_CONVERSION = YES;
				CLANG_WARN_INFINITE_RECURSION = YES;
				CLANG_WARN_INT_CONVERSION = YES;
				CLANG_WARN_NON_LITERAL_NULL_CONVERSION = YES;
				CLANG_WARN_OBJC_IMPLICIT_RETAIN_SELF = YES;
				CLANG_WARN_OBJC_LITERAL_CONVERSION = YES;
				CLANG_WARN_OBJC_ROOT_CLASS = YES_ERROR;
				CLANG_WARN_RANGE_LOOP_ANALYSIS = YES;
				CLANG_WARN_STRICT_PROTOTYPES = YES;
				CLANG_WARN_SUSPICIOUS_MOVE = YES;
				CLANG_WARN_UNGUARDED_AVAILABILITY = YES_AGGRESSIVE;
				CLANG_WARN_UNREACHABLE_CODE = YES;
				CLANG_WARN__DUPLICATE_METHOD_MATCH = YES;
				CODE_SIGN_IDENTITY = "iPhone Developer";
				COPY_PHASE_STRIP = NO;
				DEBUG_INFORMATION_FORMAT = dwarf;
				ENABLE_STRICT_OBJC_MSGSEND = YES;
				ENABLE_TESTABILITY = YES;
				GCC_C_LANGUAGE_STANDARD = gnu11;
				GCC_DYNAMIC_NO_PIC = NO;
				GCC_NO_COMMON_BLOCKS = YES;
				GCC_OPTIMIZATION_LEVEL = 0;
				GCC_PREPROCESSOR_DEFINITIONS = (
					"DEBUG=1",
					"$(inherited)",
				);
				GCC_WARN_64_TO_32_BIT_CONVERSION = YES;
				GCC_WARN_ABOUT_RETURN_TYPE = YES_ERROR;
				GCC_WARN_UNDECLARED_SELECTOR = YES;
				GCC_WARN_UNINITIALIZED_AUTOS = YES_AGGRESSIVE;
				GCC_WARN_UNUSED_FUNCTION = YES;
				GCC_WARN_UNUSED_VARIABLE = YES;
				IPHONEOS_DEPLOYMENT_TARGET = 12.4;
				MTL_ENABLE_DEBUG_INFO = INCLUDE_SOURCE;
				MTL_FAST_MATH = YES;
				ONLY_ACTIVE_ARCH = YES;
				SDKROOT = iphoneos;
				SWIFT_ACTIVE_COMPILATION_CONDITIONS = DEBUG;
				SWIFT_OPTIMIZATION_LEVEL = "-Onone";
			};
			name = Debug;
		};
		345A386623194D2B00546E7B /* Release */ = {
			isa = XCBuildConfiguration;
			buildSettings = {
				ALWAYS_SEARCH_USER_PATHS = NO;
				CLANG_ANALYZER_NONNULL = YES;
				CLANG_ANALYZER_NUMBER_OBJECT_CONVERSION = YES_AGGRESSIVE;
				CLANG_CXX_LANGUAGE_STANDARD = "gnu++14";
				CLANG_CXX_LIBRARY = "libc++";
				CLANG_ENABLE_MODULES = YES;
				CLANG_ENABLE_OBJC_ARC = YES;
				CLANG_ENABLE_OBJC_WEAK = YES;
				CLANG_WARN_BLOCK_CAPTURE_AUTORELEASING = YES;
				CLANG_WARN_BOOL_CONVERSION = YES;
				CLANG_WARN_COMMA = YES;
				CLANG_WARN_CONSTANT_CONVERSION = YES;
				CLANG_WARN_DEPRECATED_OBJC_IMPLEMENTATIONS = YES;
				CLANG_WARN_DIRECT_OBJC_ISA_USAGE = YES_ERROR;
				CLANG_WARN_DOCUMENTATION_COMMENTS = YES;
				CLANG_WARN_EMPTY_BODY = YES;
				CLANG_WARN_ENUM_CONVERSION = YES;
				CLANG_WARN_INFINITE_RECURSION = YES;
				CLANG_WARN_INT_CONVERSION = YES;
				CLANG_WARN_NON_LITERAL_NULL_CONVERSION = YES;
				CLANG_WARN_OBJC_IMPLICIT_RETAIN_SELF = YES;
				CLANG_WARN_OBJC_LITERAL_CONVERSION = YES;
				CLANG_WARN_OBJC_ROOT_CLASS = YES_ERROR;
				CLANG_WARN_RANGE_LOOP_ANALYSIS = YES;
				CLANG_WARN_STRICT_PROTOTYPES = YES;
				CLANG_WARN_SUSPICIOUS_MOVE = YES;
				CLANG_WARN_UNGUARDED_AVAILABILITY = YES_AGGRESSIVE;
				CLANG_WARN_UNREACHABLE_CODE = YES;
				CLANG_WARN__DUPLICATE_METHOD_MATCH = YES;
				CODE_SIGN_IDENTITY = "iPhone Developer";
				COPY_PHASE_STRIP = NO;
				DEBUG_INFORMATION_FORMAT = "dwarf-with-dsym";
				ENABLE_NS_ASSERTIONS = NO;
				ENABLE_STRICT_OBJC_MSGSEND = YES;
				GCC_C_LANGUAGE_STANDARD = gnu11;
				GCC_NO_COMMON_BLOCKS = YES;
				GCC_WARN_64_TO_32_BIT_CONVERSION = YES;
				GCC_WARN_ABOUT_RETURN_TYPE = YES_ERROR;
				GCC_WARN_UNDECLARED_SELECTOR = YES;
				GCC_WARN_UNINITIALIZED_AUTOS = YES_AGGRESSIVE;
				GCC_WARN_UNUSED_FUNCTION = YES;
				GCC_WARN_UNUSED_VARIABLE = YES;
				IPHONEOS_DEPLOYMENT_TARGET = 12.4;
				MTL_ENABLE_DEBUG_INFO = NO;
				MTL_FAST_MATH = YES;
				SDKROOT = iphoneos;
				SWIFT_COMPILATION_MODE = wholemodule;
				SWIFT_OPTIMIZATION_LEVEL = "-O";
				VALIDATE_PRODUCT = YES;
			};
			name = Release;
		};
		345A386823194D2B00546E7B /* Debug */ = {
			isa = XCBuildConfiguration;
			buildSettings = {
				ASSETCATALOG_COMPILER_APPICON_NAME = AppIcon;
				CODE_SIGN_STYLE = Automatic;
				INFOPLIST_FILE = NotesNavApp/Info.plist;
				LD_RUNPATH_SEARCH_PATHS = (
					"$(inherited)",
					"@executable_path/Frameworks",
				);
				PRODUCT_BUNDLE_IDENTIFIER = test.NotesNavApp;
				PRODUCT_NAME = "$(TARGET_NAME)";
				SWIFT_VERSION = 5.0;
				TARGETED_DEVICE_FAMILY = "1,2";
			};
			name = Debug;
		};
		345A386923194D2B00546E7B /* Release */ = {
			isa = XCBuildConfiguration;
			buildSettings = {
				ASSETCATALOG_COMPILER_APPICON_NAME = AppIcon;
				CODE_SIGN_STYLE = Automatic;
				INFOPLIST_FILE = NotesNavApp/Info.plist;
				LD_RUNPATH_SEARCH_PATHS = (
					"$(inherited)",
					"@executable_path/Frameworks",
				);
				PRODUCT_BUNDLE_IDENTIFIER = test.NotesNavApp;
				PRODUCT_NAME = "$(TARGET_NAME)";
				SWIFT_VERSION = 5.0;
				TARGETED_DEVICE_FAMILY = "1,2";
			};
			name = Release;
		};
/* End XCBuildConfiguration section */

/* Begin XCConfigurationList section */
		345A385023194D2A00546E7B /* Build configuration list for PBXProject "NotesNavApp" */ = {
			isa = XCConfigurationList;
			buildConfigurations = (
				345A386523194D2B00546E7B /* Debug */,
				345A386623194D2B00546E7B /* Release */,
			);
			defaultConfigurationIsVisible = 0;
			defaultConfigurationName = Release;
		};
		345A386723194D2B00546E7B /* Build configuration list for PBXNativeTarget "NotesNavApp" */ = {
			isa = XCConfigurationList;
			buildConfigurations = (
				345A386823194D2B00546E7B /* Debug */,
				345A386923194D2B00546E7B /* Release */,
			);
			defaultConfigurationIsVisible = 0;
			defaultConfigurationName = Release;
		};
/* End XCConfigurationList section */
	};
	rootObject = 345A384D23194D2A00546E7B /* Project object */;
}
